
Microsoft Visual Studio Solution File, Format Version 12.00
# Visual Studio 15
VisualStudioVersion = 15.0.26430.13
MinimumVisualStudioVersion = 10.0.40219.1
Project("{FAE04EC0-301F-11D3-BF4B-00C04F79EFBC}") = "WebApi", "WebApi\WebApi.csproj", "{FCF614C6-4795-4E1D-AA18-26BAF2990C41}"
EndProject
Project("{E24C65DC-7377-472B-9ABA-BC803B73C61A}") = "web_site", "..\web_site\", "{60512699-DF6A-492A-93C0-901F63CA48A9}"
	ProjectSection(WebsiteProperties) = preProject
		TargetFrameworkMoniker = ".NETFramework,Version%3Dv4.0"
		Debug.AspNetCompiler.VirtualPath = "/localhost_59007"
		Debug.AspNetCompiler.PhysicalPath = "..\web_site\"
		Debug.AspNetCompiler.TargetPath = "PrecompiledWeb\localhost_59007\"
		Debug.AspNetCompiler.Updateable = "true"
		Debug.AspNetCompiler.ForceOverwrite = "true"
		Debug.AspNetCompiler.FixedNames = "false"
		Debug.AspNetCompiler.Debug = "True"
		Release.AspNetCompiler.VirtualPath = "/localhost_59007"
		Release.AspNetCompiler.PhysicalPath = "..\web_site\"
		Release.AspNetCompiler.TargetPath = "PrecompiledWeb\localhost_59007\"
		Release.AspNetCompiler.Updateable = "true"
		Release.AspNetCompiler.ForceOverwrite = "true"
		Release.AspNetCompiler.FixedNames = "false"
		Release.AspNetCompiler.Debug = "False"
		VWDPort = "59007"
	EndProjectSection
EndProject
Global
	GlobalSection(SolutionConfigurationPlatforms) = preSolution
		Debug|Any CPU = Debug|Any CPU
		Release|Any CPU = Release|Any CPU
	EndGlobalSection
	GlobalSection(ProjectConfigurationPlatforms) = postSolution
		{FCF614C6-4795-4E1D-AA18-26BAF2990C41}.Debug|Any CPU.ActiveCfg = Debug|Any CPU
		{FCF614C6-4795-4E1D-AA18-26BAF2990C41}.Debug|Any CPU.Build.0 = Debug|Any CPU
		{FCF614C6-4795-4E1D-AA18-26BAF2990C41}.Release|Any CPU.ActiveCfg = Release|Any CPU
		{FCF614C6-4795-4E1D-AA18-26BAF2990C41}.Release|Any CPU.Build.0 = Release|Any CPU
		{60512699-DF6A-492A-93C0-901F63CA48A9}.Debug|Any CPU.ActiveCfg = Debug|Any CPU
		{60512699-DF6A-492A-93C0-901F63CA48A9}.Debug|Any CPU.Build.0 = Debug|Any CPU
		{60512699-DF6A-492A-93C0-901F63CA48A9}.Release|Any CPU.ActiveCfg = Debug|Any CPU
		{60512699-DF6A-492A-93C0-901F63CA48A9}.Release|Any CPU.Build.0 = Debug|Any CPU
	EndGlobalSection
	GlobalSection(SolutionProperties) = preSolution
		HideSolutionNode = FALSE
	EndGlobalSection
EndGlobal
